
Microsoft Visual Studio Solution File, Format Version 12.00
# Visual Studio Version 17
VisualStudioVersion = 17.14.37314.3 d17.14
MinimumVisualStudioVersion = 10.0.40219.1
Project("{FAE04EC0-301F-11D3-BF4B-00C04F79EFBC}") = "Lab2", "Lab2\Lab2.csproj", "{F6D6477B-1FE9-4BFC-9B2E-9CD156B8E43E}"
EndProject
Global
	GlobalSection(SolutionConfigurationPlatforms) = preSolution
		Debug|Any CPU = Debug|Any CPU
		Release|Any CPU = Release|Any CPU
	EndGlobalSection
	GlobalSection(ProjectConfigurationPlatforms) = postSolution
		{F6D6477B-1FE9-4BFC-9B2E-9CD156B8E43E}.Debug|Any CPU.ActiveCfg = Debug|Any CPU
		{F6D6477B-1FE9-4BFC-9B2E-9CD156B8E43E}.Debug|Any CPU.Build.0 = Debug|Any CPU
		{F6D6477B-1FE9-4BFC-9B2E-9CD156B8E43E}.Release|Any CPU.ActiveCfg = Release|Any CPU
		{F6D6477B-1FE9-4BFC-9B2E-9CD156B8E43E}.Release|Any CPU.Build.0 = Release|Any CPU
	EndGlobalSection
	GlobalSection(SolutionProperties) = preSolution
		HideSolutionNode = FALSE
	EndGlobalSection
	GlobalSection(ExtensibilityGlobals) = postSolution
		SolutionGuid = {43302462-D6A1-4193-A185-FE80F2665E24}
	EndGlobalSection
EndGlobal
